# THIS IS AN AUTOGENERATED FILE. DO NOT EDIT THIS FILE DIRECTLY.
# yarn lockfile v1


"@glennsl/bs-json@^5.0.2":
  version "5.0.2"
  resolved "https://registry.yarnpkg.com/@glennsl/bs-json/-/bs-json-5.0.2.tgz#cfb85d94d370ec6dc17849e0ddb1a51eee08cfcc"
  integrity sha512-vVlHJNrhmwvhyea14YiV4L5pDLjqw1edE3GzvMxlbPPQZVhzgO3sTWrUxCpQd2gV+CkMfk4FHBYunx9nWtBoDg==

bs-json@^1.0.1:
  version "1.0.1"
  resolved "https://registry.yarnpkg.com/bs-json/-/bs-json-1.0.1.tgz#0e25ed5ba7164ab131e494669b755da9844cc37e"
  integrity sha512-0KaYGnn3CJnXwVnEWyTv9yejF991I2O118olKA4APPW8lxVt737Wu4M+UWU+GK8jjEDVb768lM/CdplvBmyy8g==

bs-let@^0.1.16:
  version "0.1.16"
  resolved "https://registry.yarnpkg.com/bs-let/-/bs-let-0.1.16.tgz#63cd449ed02c75f87eceb248d45963937afdd4ed"
  integrity sha512-pdbSNe/QRpqgqS72dYDlkZ7kqMHc5aJkLgipLS8BFMRx+hQqkOo0JOpxWZQeDj1T677e302xgmV+Mid5gvmnBg==

bs-platform@^8.3.3:
  version "8.3.3"
  resolved "https://registry.yarnpkg.com/bs-platform/-/bs-platform-8.3.3.tgz#68e3796ad0607c55da0f45fe14c0ce0aaf69682c"
  integrity sha512-ayS5wdvrOX6PxU2wX7O2rLllzsQDzmGq582NNDFwfM6b9HQu7ki242Pc46o2/CnGHHumKVarpX0IZzjC2Llgcg==
